
Microsoft Visual Studio Solution File, Format Version 12.00
# Visual Studio Version 16
VisualStudioVersion = 16.0.29411.108
MinimumVisualStudioVersion = 10.0.40219.1
Project("{FAE04EC0-301F-11D3-BF4B-00C04F79EFBC}") = "WebApiApp", "WebApiApp.csproj", "{EC652F7A-D6CC-4BF6-8801-4FA34DFD2D68}"
EndProject
Global
	GlobalSection(SolutionConfigurationPlatforms) = preSolution
		Debug|Any CPU = Debug|Any CPU
		Release|Any CPU = Release|Any CPU
	EndGlobalSection
	GlobalSection(ProjectConfigurationPlatforms) = postSolution
		{EC652F7A-D6CC-4BF6-8801-4FA34DFD2D68}.Debug|Any CPU.ActiveCfg = Debug|Any CPU
		{EC652F7A-D6CC-4BF6-8801-4FA34DFD2D68}.Debug|Any CPU.Build.0 = Debug|Any CPU
		{EC652F7A-D6CC-4BF6-8801-4FA34DFD2D68}.Release|Any CPU.ActiveCfg = Release|Any CPU
		{EC652F7A-D6CC-4BF6-8801-4FA34DFD2D68}.Release|Any CPU.Build.0 = Release|Any CPU
	EndGlobalSection
	GlobalSection(SolutionProperties) = preSolution
		HideSolutionNode = FALSE
	EndGlobalSection
	GlobalSection(ExtensibilityGlobals) = postSolution
		SolutionGuid = {BE6FE68B-27DE-4AF7-B375-DF6DAA845176}
	EndGlobalSection
EndGlobal
